
Microsoft Visual Studio Solution File, Format Version 12.00
# Visual Studio Version 17
VisualStudioVersion = 17.7.34009.444
MinimumVisualStudioVersion = 10.0.40219.1
Project("{FAE04EC0-301F-11D3-BF4B-00C04F79EFBC}") = "DatingApp.Common", "DatingApp.Common.csproj", "{998CA6AE-27EA-4E1E-B2F5-9AA4908B4BA4}"
EndProject
Global
	GlobalSection(SolutionConfigurationPlatforms) = preSolution
		Debug|Any CPU = Debug|Any CPU
		Release|Any CPU = Release|Any CPU
	EndGlobalSection
	GlobalSection(ProjectConfigurationPlatforms) = postSolution
		{998CA6AE-27EA-4E1E-B2F5-9AA4908B4BA4}.Debug|Any CPU.ActiveCfg = Debug|Any CPU
		{998CA6AE-27EA-4E1E-B2F5-9AA4908B4BA4}.Debug|Any CPU.Build.0 = Debug|Any CPU
		{998CA6AE-27EA-4E1E-B2F5-9AA4908B4BA4}.Release|Any CPU.ActiveCfg = Release|Any CPU
		{998CA6AE-27EA-4E1E-B2F5-9AA4908B4BA4}.Release|Any CPU.Build.0 = Release|Any CPU
	EndGlobalSection
	GlobalSection(SolutionProperties) = preSolution
		HideSolutionNode = FALSE
	EndGlobalSection
	GlobalSection(ExtensibilityGlobals) = postSolution
		SolutionGuid = {D6CC0E90-F87D-46E1-832A-6A3B1189B438}
	EndGlobalSection
EndGlobal
